
Microsoft Visual Studio Solution File, Format Version 12.00
# Visual Studio Version 17
VisualStudioVersion = 17.3.32819.101
MinimumVisualStudioVersion = 10.0.40219.1
Project("{FAE04EC0-301F-11D3-BF4B-00C04F79EFBC}") = "Encoder", "Encoder\Encoder.csproj", "{113CCBA0-BE17-4EBF-A1BC-1F6D9A682E25}"
EndProject
Global
	GlobalSection(SolutionConfigurationPlatforms) = preSolution
		Debug|Any CPU = Debug|Any CPU
		Release|Any CPU = Release|Any CPU
	EndGlobalSection
	GlobalSection(ProjectConfigurationPlatforms) = postSolution
		{113CCBA0-BE17-4EBF-A1BC-1F6D9A682E25}.Debug|Any CPU.ActiveCfg = Debug|Any CPU
		{113CCBA0-BE17-4EBF-A1BC-1F6D9A682E25}.Debug|Any CPU.Build.0 = Debug|Any CPU
		{113CCBA0-BE17-4EBF-A1BC-1F6D9A682E25}.Release|Any CPU.ActiveCfg = Release|Any CPU
		{113CCBA0-BE17-4EBF-A1BC-1F6D9A682E25}.Release|Any CPU.Build.0 = Release|Any CPU
	EndGlobalSection
	GlobalSection(SolutionProperties) = preSolution
		HideSolutionNode = FALSE
	EndGlobalSection
	GlobalSection(ExtensibilityGlobals) = postSolution
		SolutionGuid = {1437D8C1-589E-4113-835D-11A2E1A270E5}
	EndGlobalSection
EndGlobal
